
Microsoft Visual Studio Solution File, Format Version 12.00
# Visual Studio Version 17
VisualStudioVersion = 17.14.36301.6 d17.14
MinimumVisualStudioVersion = 10.0.40219.1
Project("{FAE04EC0-301F-11D3-BF4B-00C04F79EFBC}") = "swpumc", "swpumc.csproj", "{5D29A844-9E30-41B3-A22A-A8B398AB5207}"
EndProject
Project("{FAE04EC0-301F-11D3-BF4B-00C04F79EFBC}") = "swpumc_test", "..\swpumc_test\swpumc_test.csproj", "{78DC140C-2EAE-4080-9BF0-049B96258F46}"
EndProject
Global
	GlobalSection(SolutionConfigurationPlatforms) = preSolution
		Debug|Any CPU = Debug|Any CPU
		Release|Any CPU = Release|Any CPU
	EndGlobalSection
	GlobalSection(ProjectConfigurationPlatforms) = postSolution
		{5D29A844-9E30-41B3-A22A-A8B398AB5207}.Debug|Any CPU.ActiveCfg = Debug|Any CPU
		{5D29A844-9E30-41B3-A22A-A8B398AB5207}.Debug|Any CPU.Build.0 = Debug|Any CPU
		{5D29A844-9E30-41B3-A22A-A8B398AB5207}.Release|Any CPU.ActiveCfg = Release|Any CPU
		{5D29A844-9E30-41B3-A22A-A8B398AB5207}.Release|Any CPU.Build.0 = Release|Any CPU
		{78DC140C-2EAE-4080-9BF0-049B96258F46}.Debug|Any CPU.ActiveCfg = Debug|Any CPU
		{78DC140C-2EAE-4080-9BF0-049B96258F46}.Debug|Any CPU.Build.0 = Debug|Any CPU
		{78DC140C-2EAE-4080-9BF0-049B96258F46}.Release|Any CPU.ActiveCfg = Release|Any CPU
		{78DC140C-2EAE-4080-9BF0-049B96258F46}.Release|Any CPU.Build.0 = Release|Any CPU
	EndGlobalSection
	GlobalSection(SolutionProperties) = preSolution
		HideSolutionNode = FALSE
	EndGlobalSection
	GlobalSection(ExtensibilityGlobals) = postSolution
		SolutionGuid = {84BBFBAB-C2A2-41D2-91E1-BF8FD4694E33}
	EndGlobalSection
EndGlobal
